
Microsoft Visual Studio Solution File, Format Version 12.00
# Visual Studio Version 17
VisualStudioVersion = 17.6.33829.357
MinimumVisualStudioVersion = 10.0.40219.1
Project("{9A19103F-16F7-4668-BE54-9A1E7A4F7556}") = "WebAppAPINoHttps", "WebAppAPINoHttps\WebAppAPINoHttps.csproj", "{0C717653-6F92-46B1-95A3-3BD07BA067E3}"
	ProjectSection(ProjectDependencies) = postProject
		{29279216-3CDF-429A-B116-726ACC8766F8} = {29279216-3CDF-429A-B116-726ACC8766F8}
	EndProjectSection
EndProject
Project("{2150E333-8FDC-42A3-9474-1A3956D46DE8}") = "1 Presentation", "1 Presentation", "{2E49B6CA-A18C-4118-8012-3772E17EE3E7}"
EndProject
Project("{2150E333-8FDC-42A3-9474-1A3956D46DE8}") = "2 ApplicationCore", "2 ApplicationCore", "{F32D6563-7A27-46EB-A3E8-A069070BEA8E}"
EndProject
Project("{2150E333-8FDC-42A3-9474-1A3956D46DE8}") = "3 Infrastructure", "3 Infrastructure", "{92B7452A-168F-41BB-BCE3-D9630B33365F}"
EndProject
Project("{2150E333-8FDC-42A3-9474-1A3956D46DE8}") = "Data", "Data", "{6719AFEF-E856-4999-AF84-9E4170956C96}"
EndProject
Project("{2150E333-8FDC-42A3-9474-1A3956D46DE8}") = "Workers", "Workers", "{7DF0DECD-C405-43ED-905E-927EDE40355C}"
EndProject
Project("{2150E333-8FDC-42A3-9474-1A3956D46DE8}") = "Services", "Services", "{800DC4A4-D7DA-41BF-9335-615109A71EAF}"
EndProject
Project("{2150E333-8FDC-42A3-9474-1A3956D46DE8}") = "Domain", "Domain", "{8C96CB80-29F8-41FC-AA1E-94A5BB28936C}"
EndProject
Project("{9A19103F-16F7-4668-BE54-9A1E7A4F7556}") = "ProjectWebData", "ProjectWebData\ProjectWebData.csproj", "{29279216-3CDF-429A-B116-726ACC8766F8}"
EndProject
Project("{2150E333-8FDC-42A3-9474-1A3956D46DE8}") = "4 Utils", "4 Utils", "{35636FE3-EC3B-4B94-AF03-7C879861CD30}"
EndProject
Project("{9A19103F-16F7-4668-BE54-9A1E7A4F7556}") = "Utils", "Utils\Utils.csproj", "{F5807EEC-6426-4DBA-AD57-4306069160C7}"
EndProject
Project("{9A19103F-16F7-4668-BE54-9A1E7A4F7556}") = "Domain", "Domain\Domain.csproj", "{8F5AD7C1-A22F-4114-ADAD-E9E746A91A06}"
	ProjectSection(ProjectDependencies) = postProject
		{F5807EEC-6426-4DBA-AD57-4306069160C7} = {F5807EEC-6426-4DBA-AD57-4306069160C7}
	EndProjectSection
EndProject
Project("{FAE04EC0-301F-11D3-BF4B-00C04F79EFBC}") = "Services", "Services\Services.csproj", "{77B822A4-8D5C-420B-9C93-EF98D51BABCC}"
EndProject
Global
	GlobalSection(SolutionConfigurationPlatforms) = preSolution
		Debug|Any CPU = Debug|Any CPU
		Release|Any CPU = Release|Any CPU
	EndGlobalSection
	GlobalSection(ProjectConfigurationPlatforms) = postSolution
		{0C717653-6F92-46B1-95A3-3BD07BA067E3}.Debug|Any CPU.ActiveCfg = Debug|Any CPU
		{0C717653-6F92-46B1-95A3-3BD07BA067E3}.Debug|Any CPU.Build.0 = Debug|Any CPU
		{0C717653-6F92-46B1-95A3-3BD07BA067E3}.Release|Any CPU.ActiveCfg = Release|Any CPU
		{0C717653-6F92-46B1-95A3-3BD07BA067E3}.Release|Any CPU.Build.0 = Release|Any CPU
		{29279216-3CDF-429A-B116-726ACC8766F8}.Debug|Any CPU.ActiveCfg = Debug|Any CPU
		{29279216-3CDF-429A-B116-726ACC8766F8}.Debug|Any CPU.Build.0 = Debug|Any CPU
		{29279216-3CDF-429A-B116-726ACC8766F8}.Release|Any CPU.ActiveCfg = Release|Any CPU
		{29279216-3CDF-429A-B116-726ACC8766F8}.Release|Any CPU.Build.0 = Release|Any CPU
		{F5807EEC-6426-4DBA-AD57-4306069160C7}.Debug|Any CPU.ActiveCfg = Debug|Any CPU
		{F5807EEC-6426-4DBA-AD57-4306069160C7}.Debug|Any CPU.Build.0 = Debug|Any CPU
		{F5807EEC-6426-4DBA-AD57-4306069160C7}.Release|Any CPU.ActiveCfg = Release|Any CPU
		{F5807EEC-6426-4DBA-AD57-4306069160C7}.Release|Any CPU.Build.0 = Release|Any CPU
		{8F5AD7C1-A22F-4114-ADAD-E9E746A91A06}.Debug|Any CPU.ActiveCfg = Debug|Any CPU
		{8F5AD7C1-A22F-4114-ADAD-E9E746A91A06}.Debug|Any CPU.Build.0 = Debug|Any CPU
		{8F5AD7C1-A22F-4114-ADAD-E9E746A91A06}.Release|Any CPU.ActiveCfg = Release|Any CPU
		{8F5AD7C1-A22F-4114-ADAD-E9E746A91A06}.Release|Any CPU.Build.0 = Release|Any CPU
		{77B822A4-8D5C-420B-9C93-EF98D51BABCC}.Debug|Any CPU.ActiveCfg = Debug|Any CPU
		{77B822A4-8D5C-420B-9C93-EF98D51BABCC}.Debug|Any CPU.Build.0 = Debug|Any CPU
		{77B822A4-8D5C-420B-9C93-EF98D51BABCC}.Release|Any CPU.ActiveCfg = Release|Any CPU
		{77B822A4-8D5C-420B-9C93-EF98D51BABCC}.Release|Any CPU.Build.0 = Release|Any CPU
	EndGlobalSection
	GlobalSection(SolutionProperties) = preSolution
		HideSolutionNode = FALSE
	EndGlobalSection
	GlobalSection(NestedProjects) = preSolution
		{0C717653-6F92-46B1-95A3-3BD07BA067E3} = {2E49B6CA-A18C-4118-8012-3772E17EE3E7}
		{6719AFEF-E856-4999-AF84-9E4170956C96} = {92B7452A-168F-41BB-BCE3-D9630B33365F}
		{7DF0DECD-C405-43ED-905E-927EDE40355C} = {92B7452A-168F-41BB-BCE3-D9630B33365F}
		{800DC4A4-D7DA-41BF-9335-615109A71EAF} = {F32D6563-7A27-46EB-A3E8-A069070BEA8E}
		{8C96CB80-29F8-41FC-AA1E-94A5BB28936C} = {F32D6563-7A27-46EB-A3E8-A069070BEA8E}
		{29279216-3CDF-429A-B116-726ACC8766F8} = {6719AFEF-E856-4999-AF84-9E4170956C96}
		{F5807EEC-6426-4DBA-AD57-4306069160C7} = {35636FE3-EC3B-4B94-AF03-7C879861CD30}
		{8F5AD7C1-A22F-4114-ADAD-E9E746A91A06} = {8C96CB80-29F8-41FC-AA1E-94A5BB28936C}
		{77B822A4-8D5C-420B-9C93-EF98D51BABCC} = {800DC4A4-D7DA-41BF-9335-615109A71EAF}
	EndGlobalSection
	GlobalSection(ExtensibilityGlobals) = postSolution
		SolutionGuid = {D55F35B7-3FFD-446E-B37E-F3DC5770116E}
	EndGlobalSection
EndGlobal
